
Microsoft Visual Studio Solution File, Format Version 12.00
# Visual Studio Version 16
VisualStudioVersion = 16.0.31005.135
MinimumVisualStudioVersion = 10.0.40219.1
Project("{FAE04EC0-301F-11D3-BF4B-00C04F79EFBC}") = "PracticaMenus", "PracticaMenus\PracticaMenus.csproj", "{575245A4-0FB2-4E48-8E92-0C4A7491370D}"
EndProject
Global
	GlobalSection(SolutionConfigurationPlatforms) = preSolution
		Debug|Any CPU = Debug|Any CPU
		Release|Any CPU = Release|Any CPU
	EndGlobalSection
	GlobalSection(ProjectConfigurationPlatforms) = postSolution
		{575245A4-0FB2-4E48-8E92-0C4A7491370D}.Debug|Any CPU.ActiveCfg = Debug|Any CPU
		{575245A4-0FB2-4E48-8E92-0C4A7491370D}.Debug|Any CPU.Build.0 = Debug|Any CPU
		{575245A4-0FB2-4E48-8E92-0C4A7491370D}.Release|Any CPU.ActiveCfg = Release|Any CPU
		{575245A4-0FB2-4E48-8E92-0C4A7491370D}.Release|Any CPU.Build.0 = Release|Any CPU
	EndGlobalSection
	GlobalSection(SolutionProperties) = preSolution
		HideSolutionNode = FALSE
	EndGlobalSection
	GlobalSection(ExtensibilityGlobals) = postSolution
		SolutionGuid = {4A268CE7-D1D2-43EC-8AC0-392D22A5EBB0}
	EndGlobalSection
EndGlobal
